// !$*UTF8*$!
{
	archiveVersion = 1;
	classes = {
	};
	objectVersion = 50;
	objects = {

/* Begin PBXBuildFile section */
		26FB42EE24781734008BA935 /* AppDelegate.swift in Sources */ = {isa = PBXBuildFile; fileRef = 26FB42ED24781734008BA935 /* AppDelegate.swift */; };
		26FB42F024781734008BA935 /* SceneDelegate.swift in Sources */ = {isa = PBXBuildFile; fileRef = 26FB42EF24781734008BA935 /* SceneDelegate.swift */; };
		26FB42F224781734008BA935 /* ContentView.swift in Sources */ = {isa = PBXBuildFile; fileRef = 26FB42F124781734008BA935 /* ContentView.swift */; };
		26FB42F424781736008BA935 /* Assets.xcassets in Resources */ = {isa = PBXBuildFile; fileRef = 26FB42F324781736008BA935 /* Assets.xcassets */; };
		26FB42F724781736008BA935 /* Preview Assets.xcassets in Resources */ = {isa = PBXBuildFile; fileRef = 26FB42F624781736008BA935 /* Preview Assets.xcassets */; };
		26FB42FA24781736008BA935 /* LaunchScreen.storyboard in Resources */ = {isa = PBXBuildFile; fileRef = 26FB42F824781736008BA935 /* LaunchScreen.storyboard */; };
		26FB430524781736008BA935 /* RunIntervalsTests.swift in Sources */ = {isa = PBXBuildFile; fileRef = 26FB430424781736008BA935 /* RunIntervalsTests.swift */; };
/* End PBXBuildFile section */

/* Begin PBXContainerItemProxy section */
		26FB430124781736008BA935 /* PBXContainerItemProxy */ = {
			isa = PBXContainerItemProxy;
			containerPortal = 26FB42E224781734008BA935 /* Project object */;
			proxyType = 1;
			remoteGlobalIDString = 26FB42E924781734008BA935;
			remoteInfo = RunIntervals;
		};
/* End PBXContainerItemProxy section */

/* Begin PBXFileReference section */
		26FB42EA24781734008BA935 /* RunIntervals.app */ = {isa = PBXFileReference; explicitFileType = wrapper.application; includeInIndex = 0; path = RunIntervals.app; sourceTree = BUILT_PRODUCTS_DIR; };
		26FB42ED24781734008BA935 /* AppDelegate.swift */ = {isa = PBXFileReference; lastKnownFileType = sourcecode.swift; path = AppDelegate.swift; sourceTree = "<group>"; };
		26FB42EF24781734008BA935 /* SceneDelegate.swift */ = {isa = PBXFileReference; lastKnownFileType = sourcecode.swift; path = SceneDelegate.swift; sourceTree = "<group>"; };
		26FB42F124781734008BA935 /* ContentView.swift */ = {isa = PBXFileReference; lastKnownFileType = sourcecode.swift; path = ContentView.swift; sourceTree = "<group>"; };
		26FB42F324781736008BA935 /* Assets.xcassets */ = {isa = PBXFileReference; lastKnownFileType = folder.assetcatalog; path = Assets.xcassets; sourceTree = "<group>"; };
		26FB42F624781736008BA935 /* Preview Assets.xcassets */ = {isa = PBXFileReference; lastKnownFileType = folder.assetcatalog; path = "Preview Assets.xcassets"; sourceTree = "<group>"; };
		26FB42F924781736008BA935 /* Base */ = {isa = PBXFileReference; lastKnownFileType = file.storyboard; name = Base; path = Base.lproj/LaunchScreen.storyboard; sourceTree = "<group>"; };
		26FB42FB24781736008BA935 /* Info.plist */ = {isa = PBXFileReference; lastKnownFileType = text.plist.xml; path = Info.plist; sourceTree = "<group>"; };
		26FB430024781736008BA935 /* RunIntervalsTests.xctest */ = {isa = PBXFileReference; explicitFileType = wrapper.cfbundle; includeInIndex = 0; path = RunIntervalsTests.xctest; sourceTree = BUILT_PRODUCTS_DIR; };
		26FB430424781736008BA935 /* RunIntervalsTests.swift */ = {isa = PBXFileReference; lastKnownFileType = sourcecode.swift; path = RunIntervalsTests.swift; sourceTree = "<group>"; };
		26FB430624781736008BA935 /* Info.plist */ = {isa = PBXFileReference; lastKnownFileType = text.plist.xml; path = Info.plist; sourceTree = "<group>"; };
/* End PBXFileReference section */

/* Begin PBXFrameworksBuildPhase section */
		26FB42E724781734008BA935 /* Frameworks */ = {
			isa = PBXFrameworksBuildPhase;
			buildActionMask = 2147483647;
			files = (
			);
			runOnlyForDeploymentPostprocessing = 0;
		};
		26FB42FD24781736008BA935 /* Frameworks */ = {
			isa = PBXFrameworksBuildPhase;
			buildActionMask = 2147483647;
			files = (
			);
			runOnlyForDeploymentPostprocessing = 0;
		};
/* End PBXFrameworksBuildPhase section */

/* Begin PBXGroup section */
		26FB42E124781734008BA935 = {
			isa = PBXGroup;
			children = (
				26FB42EC24781734008BA935 /* RunIntervals */,
				26FB430324781736008BA935 /* RunIntervalsTests */,
				26FB42EB24781734008BA935 /* Products */,
			);
			sourceTree = "<group>";
		};
		26FB42EB24781734008BA935 /* Products */ = {
			isa = PBXGroup;
			children = (
				26FB42EA24781734008BA935 /* RunIntervals.app */,
				26FB430024781736008BA935 /* RunIntervalsTests.xctest */,
			);
			name = Products;
			sourceTree = "<group>";
		};
		26FB42EC24781734008BA935 /* RunIntervals */ = {
			isa = PBXGroup;
			children = (
				26FB42ED24781734008BA935 /* AppDelegate.swift */,
				26FB42EF24781734008BA935 /* SceneDelegate.swift */,
				26FB42F124781734008BA935 /* ContentView.swift */,
				26FB42F324781736008BA935 /* Assets.xcassets */,
				26FB42F824781736008BA935 /* LaunchScreen.storyboard */,
				26FB42FB24781736008BA935 /* Info.plist */,
				26FB42F524781736008BA935 /* Preview Content */,
			);
			path = RunIntervals;
			sourceTree = "<group>";
		};
		26FB42F524781736008BA935 /* Preview Content */ = {
			isa = PBXGroup;
			children = (
				26FB42F624781736008BA935 /* Preview Assets.xcassets */,
			);
			path = "Preview Content";
			sourceTree = "<group>";
		};
		26FB430324781736008BA935 /* RunIntervalsTests */ = {
			isa = PBXGroup;
			children = (
				26FB430424781736008BA935 /* RunIntervalsTests.swift */,
				26FB430624781736008BA935 /* Info.plist */,
			);
			path = RunIntervalsTests;
			sourceTree = "<group>";
		};
/* End PBXGroup section */

/* Begin PBXNativeTarget section */
		26FB42E924781734008BA935 /* RunIntervals */ = {
			isa = PBXNativeTarget;
			buildConfigurationList = 26FB430924781736008BA935 /* Build configuration list for PBXNativeTarget "RunIntervals" */;
			buildPhases = (
				26FB42E624781734008BA935 /* Sources */,
				26FB42E724781734008BA935 /* Frameworks */,
				26FB42E824781734008BA935 /* Resources */,
			);
			buildRules = (
			);
			dependencies = (
			);
			name = RunIntervals;
			productName = RunIntervals;
			productReference = 26FB42EA24781734008BA935 /* RunIntervals.app */;
			productType = "com.apple.product-type.application";
		};
		26FB42FF24781736008BA935 /* RunIntervalsTests */ = {
			isa = PBXNativeTarget;
			buildConfigurationList = 26FB430C24781736008BA935 /* Build configuration list for PBXNativeTarget "RunIntervalsTests" */;
			buildPhases = (
				26FB42FC24781736008BA935 /* Sources */,
				26FB42FD24781736008BA935 /* Frameworks */,
				26FB42FE24781736008BA935 /* Resources */,
			);
			buildRules = (
			);
			dependencies = (
				26FB430224781736008BA935 /* PBXTargetDependency */,
			);
			name = RunIntervalsTests;
			productName = RunIntervalsTests;
			productReference = 26FB430024781736008BA935 /* RunIntervalsTests.xctest */;
			productType = "com.apple.product-type.bundle.unit-test";
		};
/* End PBXNativeTarget section */

/* Begin PBXProject section */
		26FB42E224781734008BA935 /* Project object */ = {
			isa = PBXProject;
			attributes = {
				LastSwiftUpdateCheck = 1150;
				LastUpgradeCheck = 1150;
				ORGANIZATIONNAME = "Adriana Elizondo";
				TargetAttributes = {
					26FB42E924781734008BA935 = {
						CreatedOnToolsVersion = 11.5;
					};
					26FB42FF24781736008BA935 = {
						CreatedOnToolsVersion = 11.5;
						TestTargetID = 26FB42E924781734008BA935;
					};
				};
			};
			buildConfigurationList = 26FB42E524781734008BA935 /* Build configuration list for PBXProject "RunIntervals" */;
			compatibilityVersion = "Xcode 9.3";
			developmentRegion = en;
			hasScannedForEncodings = 0;
			knownRegions = (
				en,
				Base,
			);
			mainGroup = 26FB42E124781734008BA935;
			productRefGroup = 26FB42EB24781734008BA935 /* Products */;
			projectDirPath = "";
			projectRoot = "";
			targets = (
				26FB42E924781734008BA935 /* RunIntervals */,
				26FB42FF24781736008BA935 /* RunIntervalsTests */,
			);
		};
/* End PBXProject section */

/* Begin PBXResourcesBuildPhase section */
		26FB42E824781734008BA935 /* Resources */ = {
			isa = PBXResourcesBuildPhase;
			buildActionMask = 2147483647;
			files = (
				26FB42FA24781736008BA935 /* LaunchScreen.storyboard in Resources */,
				26FB42F724781736008BA935 /* Preview Assets.xcassets in Resources */,
				26FB42F424781736008BA935 /* Assets.xcassets in Resources */,
			);
			runOnlyForDeploymentPostprocessing = 0;
		};
		26FB42FE24781736008BA935 /* Resources */ = {
			isa = PBXResourcesBuildPhase;
			buildActionMask = 2147483647;
			files = (
			);
			runOnlyForDeploymentPostprocessing = 0;
		};
/* End PBXResourcesBuildPhase section */

/* Begin PBXSourcesBuildPhase section */
		26FB42E624781734008BA935 /* Sources */ = {
			isa = PBXSourcesBuildPhase;
			buildActionMask = 2147483647;
			files = (
				26FB42EE24781734008BA935 /* AppDelegate.swift in Sources */,
				26FB42F024781734008BA935 /* SceneDelegate.swift in Sources */,
				26FB42F224781734008BA935 /* ContentView.swift in Sources */,
			);
			runOnlyForDeploymentPostprocessing = 0;
		};
		26FB42FC24781736008BA935 /* Sources */ = {
			isa = PBXSourcesBuildPhase;
			buildActionMask = 2147483647;
			files = (
				26FB430524781736008BA935 /* RunIntervalsTests.swift in Sources */,
			);
			runOnlyForDeploymentPostprocessing = 0;
		};
/* End PBXSourcesBuildPhase section */

/* Begin PBXTargetDependency section */
		26FB430224781736008BA935 /* PBXTargetDependency */ = {
			isa = PBXTargetDependency;
			target = 26FB42E924781734008BA935 /* RunIntervals */;
			targetProxy = 26FB430124781736008BA935 /* PBXContainerItemProxy */;
		};
/* End PBXTargetDependency section */

/* Begin PBXVariantGroup section */
		26FB42F824781736008BA935 /* LaunchScreen.storyboard */ = {
			isa = PBXVariantGroup;
			children = (
				26FB42F924781736008BA935 /* Base */,
			);
			name = LaunchScreen.storyboard;
			sourceTree = "<group>";
		};
/* End PBXVariantGroup section */

/* Begin XCBuildConfiguration section */
		26FB430724781736008BA935 /* Debug */ = {
			isa = XCBuildConfiguration;
			buildSettings = {
				ALWAYS_SEARCH_USER_PATHS = NO;
				CLANG_ANALYZER_NONNULL = YES;
				CLANG_ANALYZER_NUMBER_OBJECT_CONVERSION = YES_AGGRESSIVE;
				CLANG_CXX_LANGUAGE_STANDARD = "gnu++14";
				CLANG_CXX_LIBRARY = "libc++";
				CLANG_ENABLE_MODULES = YES;
				CLANG_ENABLE_OBJC_ARC = YES;
				CLANG_ENABLE_OBJC_WEAK = YES;
				CLANG_WARN_BLOCK_CAPTURE_AUTORELEASING = YES;
				CLANG_WARN_BOOL_CONVERSION = YES;
				CLANG_WARN_COMMA = YES;
				CLANG_WARN_CONSTANT_CONVERSION = YES;
				CLANG_WARN_DEPRECATED_OBJC_IMPLEMENTATIONS = YES;
				CLANG_WARN_DIRECT_OBJC_ISA_USAGE = YES_ERROR;
				CLANG_WARN_DOCUMENTATION_COMMENTS = YES;
				CLANG_WARN_EMPTY_BODY = YES;
				CLANG_WARN_ENUM_CONVERSION = YES;
				CLANG_WARN_INFINITE_RECURSION = YES;
				CLANG_WARN_INT_CONVERSION = YES;
				CLANG_WARN_NON_LITERAL_NULL_CONVERSION = YES;
				CLANG_WARN_OBJC_IMPLICIT_RETAIN_SELF = YES;
				CLANG_WARN_OBJC_LITERAL_CONVERSION = YES;
				CLANG_WARN_OBJC_ROOT_CLASS = YES_ERROR;
				CLANG_WARN_RANGE_LOOP_ANALYSIS = YES;
				CLANG_WARN_STRICT_PROTOTYPES = YES;
				CLANG_WARN_SUSPICIOUS_MOVE = YES;
				CLANG_WARN_UNGUARDED_AVAILABILITY = YES_AGGRESSIVE;
				CLANG_WARN_UNREACHABLE_CODE = YES;
				CLANG_WARN__DUPLICATE_METHOD_MATCH = YES;
				COPY_PHASE_STRIP = NO;
				DEBUG_INFORMATION_FORMAT = dwarf;
				ENABLE_STRICT_OBJC_MSGSEND = YES;
				ENABLE_TESTABILITY = YES;
				GCC_C_LANGUAGE_STANDARD = gnu11;
				GCC_DYNAMIC_NO_PIC = NO;
				GCC_NO_COMMON_BLOCKS = YES;
				GCC_OPTIMIZATION_LEVEL = 0;
				GCC_PREPROCESSOR_DEFINITIONS = (
					"DEBUG=1",
					"$(inherited)",
				);
				GCC_WARN_64_TO_32_BIT_CONVERSION = YES;
				GCC_WARN_ABOUT_RETURN_TYPE = YES_ERROR;
				GCC_WARN_UNDECLARED_SELECTOR = YES;
				GCC_WARN_UNINITIALIZED_AUTOS = YES_AGGRESSIVE;
				GCC_WARN_UNUSED_FUNCTION = YES;
				GCC_WARN_UNUSED_VARIABLE = YES;
				IPHONEOS_DEPLOYMENT_TARGET = 13.5;
				MTL_ENABLE_DEBUG_INFO = INCLUDE_SOURCE;
				MTL_FAST_MATH = YES;
				ONLY_ACTIVE_ARCH = YES;
				SDKROOT = iphoneos;
				SWIFT_ACTIVE_COMPILATION_CONDITIONS = DEBUG;
				SWIFT_OPTIMIZATION_LEVEL = "-Onone";
			};
			name = Debug;
		};
		26FB430824781736008BA935 /* Release */ = {
			isa = XCBuildConfiguration;
			buildSettings = {
				ALWAYS_SEARCH_USER_PATHS = NO;
				CLANG_ANALYZER_NONNULL = YES;
				CLANG_ANALYZER_NUMBER_OBJECT_CONVERSION = YES_AGGRESSIVE;
				CLANG_CXX_LANGUAGE_STANDARD = "gnu++14";
				CLANG_CXX_LIBRARY = "libc++";
				CLANG_ENABLE_MODULES = YES;
				CLANG_ENABLE_OBJC_ARC = YES;
				CLANG_ENABLE_OBJC_WEAK = YES;
				CLANG_WARN_BLOCK_CAPTURE_AUTORELEASING = YES;
				CLANG_WARN_BOOL_CONVERSION = YES;
				CLANG_WARN_COMMA = YES;
				CLANG_WARN_CONSTANT_CONVERSION = YES;
				CLANG_WARN_DEPRECATED_OBJC_IMPLEMENTATIONS = YES;
				CLANG_WARN_DIRECT_OBJC_ISA_USAGE = YES_ERROR;
				CLANG_WARN_DOCUMENTATION_COMMENTS = YES;
				CLANG_WARN_EMPTY_BODY = YES;
				CLANG_WARN_ENUM_CONVERSION = YES;
				CLANG_WARN_INFINITE_RECURSION = YES;
				CLANG_WARN_INT_CONVERSION = YES;
				CLANG_WARN_NON_LITERAL_NULL_CONVERSION = YES;
				CLANG_WARN_OBJC_IMPLICIT_RETAIN_SELF = YES;
				CLANG_WARN_OBJC_LITERAL_CONVERSION = YES;
				CLANG_WARN_OBJC_ROOT_CLASS = YES_ERROR;
				CLANG_WARN_RANGE_LOOP_ANALYSIS = YES;
				CLANG_WARN_STRICT_PROTOTYPES = YES;
				CLANG_WARN_SUSPICIOUS_MOVE = YES;
				CLANG_WARN_UNGUARDED_AVAILABILITY = YES_AGGRESSIVE;
				CLANG_WARN_UNREACHABLE_CODE = YES;
				CLANG_WARN__DUPLICATE_METHOD_MATCH = YES;
				COPY_PHASE_STRIP = NO;
				DEBUG_INFORMATION_FORMAT = "dwarf-with-dsym";
				ENABLE_NS_ASSERTIONS = NO;
				ENABLE_STRICT_OBJC_MSGSEND = YES;
				GCC_C_LANGUAGE_STANDARD = gnu11;
				GCC_NO_COMMON_BLOCKS = YES;
				GCC_WARN_64_TO_32_BIT_CONVERSION = YES;
				GCC_WARN_ABOUT_RETURN_TYPE = YES_ERROR;
				GCC_WARN_UNDECLARED_SELECTOR = YES;
				GCC_WARN_UNINITIALIZED_AUTOS = YES_AGGRESSIVE;
				GCC_WARN_UNUSED_FUNCTION = YES;
				GCC_WARN_UNUSED_VARIABLE = YES;
				IPHONEOS_DEPLOYMENT_TARGET = 13.5;
				MTL_ENABLE_DEBUG_INFO = NO;
				MTL_FAST_MATH = YES;
				SDKROOT = iphoneos;
				SWIFT_COMPILATION_MODE = wholemodule;
				SWIFT_OPTIMIZATION_LEVEL = "-O";
				VALIDATE_PRODUCT = YES;
			};
			name = Release;
		};
		26FB430A24781736008BA935 /* Debug */ = {
			isa = XCBuildConfiguration;
			buildSettings = {
				ASSETCATALOG_COMPILER_APPICON_NAME = AppIcon;
				CODE_SIGN_STYLE = Automatic;
				DEVELOPMENT_ASSET_PATHS = "\"RunIntervals/Preview Content\"";
				DEVELOPMENT_TEAM = W3RCCUG568;
				ENABLE_PREVIEWS = YES;
				INFOPLIST_FILE = RunIntervals/Info.plist;
				LD_RUNPATH_SEARCH_PATHS = (
					"$(inherited)",
					"@executable_path/Frameworks",
				);
				PRODUCT_BUNDLE_IDENTIFIER = com.ae.RunIntervals;
				PRODUCT_NAME = "$(TARGET_NAME)";
				SWIFT_VERSION = 5.0;
				TARGETED_DEVICE_FAMILY = "1,2";
			};
			name = Debug;
		};
		26FB430B24781736008BA935 /* Release */ = {
			isa = XCBuildConfiguration;
			buildSettings = {
				ASSETCATALOG_COMPILER_APPICON_NAME = AppIcon;
				CODE_SIGN_STYLE = Automatic;
				DEVELOPMENT_ASSET_PATHS = "\"RunIntervals/Preview Content\"";
				DEVELOPMENT_TEAM = W3RCCUG568;
				ENABLE_PREVIEWS = YES;
				INFOPLIST_FILE = RunIntervals/Info.plist;
				LD_RUNPATH_SEARCH_PATHS = (
					"$(inherited)",
					"@executable_path/Frameworks",
				);
				PRODUCT_BUNDLE_IDENTIFIER = com.ae.RunIntervals;
				PRODUCT_NAME = "$(TARGET_NAME)";
				SWIFT_VERSION = 5.0;
				TARGETED_DEVICE_FAMILY = "1,2";
			};
			name = Release;
		};
		26FB430D24781736008BA935 /* Debug */ = {
			isa = XCBuildConfiguration;
			buildSettings = {
				ALWAYS_EMBED_SWIFT_STANDARD_LIBRARIES = YES;
				BUNDLE_LOADER = "$(TEST_HOST)";
				CODE_SIGN_STYLE = Automatic;
				DEVELOPMENT_TEAM = W3RCCUG568;
				INFOPLIST_FILE = RunIntervalsTests/Info.plist;
				IPHONEOS_DEPLOYMENT_TARGET = 13.5;
				LD_RUNPATH_SEARCH_PATHS = (
					"$(inherited)",
					"@executable_path/Frameworks",
					"@loader_path/Frameworks",
				);
				PRODUCT_BUNDLE_IDENTIFIER = com.ae.RunIntervalsTests;
				PRODUCT_NAME = "$(TARGET_NAME)";
				SWIFT_VERSION = 5.0;
				TARGETED_DEVICE_FAMILY = "1,2";
				TEST_HOST = "$(BUILT_PRODUCTS_DIR)/RunIntervals.app/RunIntervals";
			};
			name = Debug;
		};
		26FB430E24781736008BA935 /* Release */ = {
			isa = XCBuildConfiguration;
			buildSettings = {
				ALWAYS_EMBED_SWIFT_STANDARD_LIBRARIES = YES;
				BUNDLE_LOADER = "$(TEST_HOST)";
				CODE_SIGN_STYLE = Automatic;
				DEVELOPMENT_TEAM = W3RCCUG568;
				INFOPLIST_FILE = RunIntervalsTests/Info.plist;
				IPHONEOS_DEPLOYMENT_TARGET = 13.5;
				LD_RUNPATH_SEARCH_PATHS = (
					"$(inherited)",
					"@executable_path/Frameworks",
					"@loader_path/Frameworks",
				);
				PRODUCT_BUNDLE_IDENTIFIER = com.ae.RunIntervalsTests;
				PRODUCT_NAME = "$(TARGET_NAME)";
				SWIFT_VERSION = 5.0;
				TARGETED_DEVICE_FAMILY = "1,2";
				TEST_HOST = "$(BUILT_PRODUCTS_DIR)/RunIntervals.app/RunIntervals";
			};
			name = Release;
		};
/* End XCBuildConfiguration section */

/* Begin XCConfigurationList section */
		26FB42E524781734008BA935 /* Build configuration list for PBXProject "RunIntervals" */ = {
			isa = XCConfigurationList;
			buildConfigurations = (
				26FB430724781736008BA935 /* Debug */,
				26FB430824781736008BA935 /* Release */,
			);
			defaultConfigurationIsVisible = 0;
			defaultConfigurationName = Release;
		};
		26FB430924781736008BA935 /* Build configuration list for PBXNativeTarget "RunIntervals" */ = {
			isa = XCConfigurationList;
			buildConfigurations = (
				26FB430A24781736008BA935 /* Debug */,
				26FB430B24781736008BA935 /* Release */,
			);
			defaultConfigurationIsVisible = 0;
			defaultConfigurationName = Release;
		};
		26FB430C24781736008BA935 /* Build configuration list for PBXNativeTarget "RunIntervalsTests" */ = {
			isa = XCConfigurationList;
			buildConfigurations = (
				26FB430D24781736008BA935 /* Debug */,
				26FB430E24781736008BA935 /* Release */,
			);
			defaultConfigurationIsVisible = 0;
			defaultConfigurationName = Release;
		};
/* End XCConfigurationList section */
	};
	rootObject = 26FB42E224781734008BA935 /* Project object */;
}
